
Microsoft Visual Studio Solution File, Format Version 12.00
# Visual Studio Version 17
VisualStudioVersion = 17.1.32328.378
MinimumVisualStudioVersion = 10.0.40219.1
Project("{9A19103F-16F7-4668-BE54-9A1E7A4F7556}") = "SW.Payroll", "SW.Payroll\SW.Payroll.csproj", "{4C6EDCD9-4E67-4721-AD75-CAF62C5920E1}"
EndProject
Project("{FAE04EC0-301F-11D3-BF4B-00C04F79EFBC}") = "SW.PayrollApp", "SW.PayrollApp\SW.PayrollApp.csproj", "{95CAB58C-23D8-4A55-941F-7BBA2E5798DB}"
EndProject
Project("{FAE04EC0-301F-11D3-BF4B-00C04F79EFBC}") = "SW.PayrollTest", "SW.PayrollTest\SW.PayrollTest.csproj", "{509FD247-67B7-47C8-A2A1-2802D083602C}"
EndProject
Global
	GlobalSection(SolutionConfigurationPlatforms) = preSolution
		Debug|Any CPU = Debug|Any CPU
		Release|Any CPU = Release|Any CPU
	EndGlobalSection
	GlobalSection(ProjectConfigurationPlatforms) = postSolution
		{4C6EDCD9-4E67-4721-AD75-CAF62C5920E1}.Debug|Any CPU.ActiveCfg = Debug|Any CPU
		{4C6EDCD9-4E67-4721-AD75-CAF62C5920E1}.Debug|Any CPU.Build.0 = Debug|Any CPU
		{4C6EDCD9-4E67-4721-AD75-CAF62C5920E1}.Release|Any CPU.ActiveCfg = Release|Any CPU
		{4C6EDCD9-4E67-4721-AD75-CAF62C5920E1}.Release|Any CPU.Build.0 = Release|Any CPU
		{95CAB58C-23D8-4A55-941F-7BBA2E5798DB}.Debug|Any CPU.ActiveCfg = Debug|Any CPU
		{95CAB58C-23D8-4A55-941F-7BBA2E5798DB}.Debug|Any CPU.Build.0 = Debug|Any CPU
		{95CAB58C-23D8-4A55-941F-7BBA2E5798DB}.Release|Any CPU.ActiveCfg = Release|Any CPU
		{95CAB58C-23D8-4A55-941F-7BBA2E5798DB}.Release|Any CPU.Build.0 = Release|Any CPU
		{509FD247-67B7-47C8-A2A1-2802D083602C}.Debug|Any CPU.ActiveCfg = Debug|Any CPU
		{509FD247-67B7-47C8-A2A1-2802D083602C}.Debug|Any CPU.Build.0 = Debug|Any CPU
		{509FD247-67B7-47C8-A2A1-2802D083602C}.Release|Any CPU.ActiveCfg = Release|Any CPU
		{509FD247-67B7-47C8-A2A1-2802D083602C}.Release|Any CPU.Build.0 = Release|Any CPU
	EndGlobalSection
	GlobalSection(SolutionProperties) = preSolution
		HideSolutionNode = FALSE
	EndGlobalSection
	GlobalSection(ExtensibilityGlobals) = postSolution
		SolutionGuid = {9DD629B7-ED55-4A08-9498-7F8484D693F1}
	EndGlobalSection
EndGlobal
